
Microsoft Visual Studio Solution File, Format Version 12.00
# Visual Studio Version 17
VisualStudioVersion = 17.2.32630.192
MinimumVisualStudioVersion = 10.0.40219.1
Project("{FAE04EC0-301F-11D3-BF4B-00C04F79EFBC}") = "Discord Checker v1.0.1 by VoXDoX", "Discord Checker v1.0.1 by VoXDoX\Discord Checker v1.0.1 by VoXDoX.csproj", "{3253171F-C6E2-4873-811D-B92062CF94A2}"
EndProject
Global
	GlobalSection(SolutionConfigurationPlatforms) = preSolution
		Debug|Any CPU = Debug|Any CPU
		Release|Any CPU = Release|Any CPU
	EndGlobalSection
	GlobalSection(ProjectConfigurationPlatforms) = postSolution
		{3253171F-C6E2-4873-811D-B92062CF94A2}.Debug|Any CPU.ActiveCfg = Debug|Any CPU
		{3253171F-C6E2-4873-811D-B92062CF94A2}.Debug|Any CPU.Build.0 = Debug|Any CPU
		{3253171F-C6E2-4873-811D-B92062CF94A2}.Release|Any CPU.ActiveCfg = Release|Any CPU
		{3253171F-C6E2-4873-811D-B92062CF94A2}.Release|Any CPU.Build.0 = Release|Any CPU
	EndGlobalSection
	GlobalSection(SolutionProperties) = preSolution
		HideSolutionNode = FALSE
	EndGlobalSection
	GlobalSection(ExtensibilityGlobals) = postSolution
		SolutionGuid = {856E0C10-0204-4492-8403-BE76E9CBAD6D}
	EndGlobalSection
EndGlobal
